// !$*UTF8*$!
{
	archiveVersion = 1;
	classes = {
	};
	objectVersion = 50;
	objects = {

/* Begin PBXBuildFile section */
		30969A6A19BA999E521DCEE8 /* Pods_flix.framework in Frameworks */ = {isa = PBXBuildFile; fileRef = C2E189C1DCD2AC67512BB58F /* Pods_flix.framework */; };
		5789666110F5032A3E132DE3 /* Pods_flix_flixUITests.framework in Frameworks */ = {isa = PBXBuildFile; fileRef = 17CB582FCC3CDB17F6EB791A /* Pods_flix_flixUITests.framework */; };
		64468E8A261ACF64008915C9 /* MovieCell.swift in Sources */ = {isa = PBXBuildFile; fileRef = 64468E89261ACF64008915C9 /* MovieCell.swift */; };
		6457B1942612BD7300F142FA /* AppDelegate.swift in Sources */ = {isa = PBXBuildFile; fileRef = 6457B1932612BD7300F142FA /* AppDelegate.swift */; };
		6457B1962612BD7300F142FA /* SceneDelegate.swift in Sources */ = {isa = PBXBuildFile; fileRef = 6457B1952612BD7300F142FA /* SceneDelegate.swift */; };
		6457B1982612BD7300F142FA /* ViewController.swift in Sources */ = {isa = PBXBuildFile; fileRef = 6457B1972612BD7300F142FA /* ViewController.swift */; };
		6457B19B2612BD7300F142FA /* Main.storyboard in Resources */ = {isa = PBXBuildFile; fileRef = 6457B1992612BD7300F142FA /* Main.storyboard */; };
		6457B19D2612BD7500F142FA /* Assets.xcassets in Resources */ = {isa = PBXBuildFile; fileRef = 6457B19C2612BD7500F142FA /* Assets.xcassets */; };
		6457B1A02612BD7500F142FA /* LaunchScreen.storyboard in Resources */ = {isa = PBXBuildFile; fileRef = 6457B19E2612BD7500F142FA /* LaunchScreen.storyboard */; };
		6457B1AB2612BD7600F142FA /* flixTests.swift in Sources */ = {isa = PBXBuildFile; fileRef = 6457B1AA2612BD7600F142FA /* flixTests.swift */; };
		6457B1B62612BD7600F142FA /* flixUITests.swift in Sources */ = {isa = PBXBuildFile; fileRef = 6457B1B52612BD7600F142FA /* flixUITests.swift */; };
		DEABDD2A7A913099A139F8ED /* Pods_flixTests.framework in Frameworks */ = {isa = PBXBuildFile; fileRef = 521508CE235563781E3063F0 /* Pods_flixTests.framework */; };
/* End PBXBuildFile section */

/* Begin PBXContainerItemProxy section */
		6457B1A72612BD7600F142FA /* PBXContainerItemProxy */ = {
			isa = PBXContainerItemProxy;
			containerPortal = 6457B1882612BD7300F142FA /* Project object */;
			proxyType = 1;
			remoteGlobalIDString = 6457B18F2612BD7300F142FA;
			remoteInfo = flix;
		};
		6457B1B22612BD7600F142FA /* PBXContainerItemProxy */ = {
			isa = PBXContainerItemProxy;
			containerPortal = 6457B1882612BD7300F142FA /* Project object */;
			proxyType = 1;
			remoteGlobalIDString = 6457B18F2612BD7300F142FA;
			remoteInfo = flix;
		};
/* End PBXContainerItemProxy section */

/* Begin PBXFileReference section */
		17CB582FCC3CDB17F6EB791A /* Pods_flix_flixUITests.framework */ = {isa = PBXFileReference; explicitFileType = wrapper.framework; includeInIndex = 0; path = Pods_flix_flixUITests.framework; sourceTree = BUILT_PRODUCTS_DIR; };
		4652FA759B63BA699536D78E /* Pods-flix-flixUITests.release.xcconfig */ = {isa = PBXFileReference; includeInIndex = 1; lastKnownFileType = text.xcconfig; name = "Pods-flix-flixUITests.release.xcconfig"; path = "Target Support Files/Pods-flix-flixUITests/Pods-flix-flixUITests.release.xcconfig"; sourceTree = "<group>"; };
		4959B3E4F65C999ED19BA346 /* Pods-flixTests.release.xcconfig */ = {isa = PBXFileReference; includeInIndex = 1; lastKnownFileType = text.xcconfig; name = "Pods-flixTests.release.xcconfig"; path = "Target Support Files/Pods-flixTests/Pods-flixTests.release.xcconfig"; sourceTree = "<group>"; };
		4FC5163EAA2256D9CEFD870A /* Pods-flix.debug.xcconfig */ = {isa = PBXFileReference; includeInIndex = 1; lastKnownFileType = text.xcconfig; name = "Pods-flix.debug.xcconfig"; path = "Target Support Files/Pods-flix/Pods-flix.debug.xcconfig"; sourceTree = "<group>"; };
		521508CE235563781E3063F0 /* Pods_flixTests.framework */ = {isa = PBXFileReference; explicitFileType = wrapper.framework; includeInIndex = 0; path = Pods_flixTests.framework; sourceTree = BUILT_PRODUCTS_DIR; };
		64468E89261ACF64008915C9 /* MovieCell.swift */ = {isa = PBXFileReference; lastKnownFileType = sourcecode.swift; path = MovieCell.swift; sourceTree = "<group>"; };
		6457B1902612BD7300F142FA /* flix.app */ = {isa = PBXFileReference; explicitFileType = wrapper.application; includeInIndex = 0; path = flix.app; sourceTree = BUILT_PRODUCTS_DIR; };
		6457B1932612BD7300F142FA /* AppDelegate.swift */ = {isa = PBXFileReference; lastKnownFileType = sourcecode.swift; path = AppDelegate.swift; sourceTree = "<group>"; };
		6457B1952612BD7300F142FA /* SceneDelegate.swift */ = {isa = PBXFileReference; lastKnownFileType = sourcecode.swift; path = SceneDelegate.swift; sourceTree = "<group>"; };
		6457B1972612BD7300F142FA /* ViewController.swift */ = {isa = PBXFileReference; lastKnownFileType = sourcecode.swift; path = ViewController.swift; sourceTree = "<group>"; };
		6457B19A2612BD7300F142FA /* Base */ = {isa = PBXFileReference; lastKnownFileType = file.storyboard; name = Base; path = Base.lproj/Main.storyboard; sourceTree = "<group>"; };
		6457B19C2612BD7500F142FA /* Assets.xcassets */ = {isa = PBXFileReference; lastKnownFileType = folder.assetcatalog; path = Assets.xcassets; sourceTree = "<group>"; };
		6457B19F2612BD7500F142FA /* Base */ = {isa = PBXFileReference; lastKnownFileType = file.storyboard; name = Base; path = Base.lproj/LaunchScreen.storyboard; sourceTree = "<group>"; };
		6457B1A12612BD7500F142FA /* Info.plist */ = {isa = PBXFileReference; lastKnownFileType = text.plist.xml; path = Info.plist; sourceTree = "<group>"; };
		6457B1A62612BD7600F142FA /* flixTests.xctest */ = {isa = PBXFileReference; explicitFileType = wrapper.cfbundle; includeInIndex = 0; path = flixTests.xctest; sourceTree = BUILT_PRODUCTS_DIR; };
		6457B1AA2612BD7600F142FA /* flixTests.swift */ = {isa = PBXFileReference; lastKnownFileType = sourcecode.swift; path = flixTests.swift; sourceTree = "<group>"; };
		6457B1AC2612BD7600F142FA /* Info.plist */ = {isa = PBXFileReference; lastKnownFileType = text.plist.xml; path = Info.plist; sourceTree = "<group>"; };
		6457B1B12612BD7600F142FA /* flixUITests.xctest */ = {isa = PBXFileReference; explicitFileType = wrapper.cfbundle; includeInIndex = 0; path = flixUITests.xctest; sourceTree = BUILT_PRODUCTS_DIR; };
		6457B1B52612BD7600F142FA /* flixUITests.swift */ = {isa = PBXFileReference; lastKnownFileType = sourcecode.swift; path = flixUITests.swift; sourceTree = "<group>"; };
		6457B1B72612BD7600F142FA /* Info.plist */ = {isa = PBXFileReference; lastKnownFileType = text.plist.xml; path = Info.plist; sourceTree = "<group>"; };
		65D29FF6791D471853569D6E /* Pods-flixTests.debug.xcconfig */ = {isa = PBXFileReference; includeInIndex = 1; lastKnownFileType = text.xcconfig; name = "Pods-flixTests.debug.xcconfig"; path = "Target Support Files/Pods-flixTests/Pods-flixTests.debug.xcconfig"; sourceTree = "<group>"; };
		9D87216687742B52BDA1A781 /* Pods-flix-flixUITests.debug.xcconfig */ = {isa = PBXFileReference; includeInIndex = 1; lastKnownFileType = text.xcconfig; name = "Pods-flix-flixUITests.debug.xcconfig"; path = "Target Support Files/Pods-flix-flixUITests/Pods-flix-flixUITests.debug.xcconfig"; sourceTree = "<group>"; };
		C2E189C1DCD2AC67512BB58F /* Pods_flix.framework */ = {isa = PBXFileReference; explicitFileType = wrapper.framework; includeInIndex = 0; path = Pods_flix.framework; sourceTree = BUILT_PRODUCTS_DIR; };
		D1C92C4EA69D10EB9E5A5118 /* Pods-flix.release.xcconfig */ = {isa = PBXFileReference; includeInIndex = 1; lastKnownFileType = text.xcconfig; name = "Pods-flix.release.xcconfig"; path = "Target Support Files/Pods-flix/Pods-flix.release.xcconfig"; sourceTree = "<group>"; };
/* End PBXFileReference section */

/* Begin PBXFrameworksBuildPhase section */
		6457B18D2612BD7300F142FA /* Frameworks */ = {
			isa = PBXFrameworksBuildPhase;
			buildActionMask = 2147483647;
			files = (
				30969A6A19BA999E521DCEE8 /* Pods_flix.framework in Frameworks */,
			);
			runOnlyForDeploymentPostprocessing = 0;
		};
		6457B1A32612BD7600F142FA /* Frameworks */ = {
			isa = PBXFrameworksBuildPhase;
			buildActionMask = 2147483647;
			files = (
				DEABDD2A7A913099A139F8ED /* Pods_flixTests.framework in Frameworks */,
			);
			runOnlyForDeploymentPostprocessing = 0;
		};
		6457B1AE2612BD7600F142FA /* Frameworks */ = {
			isa = PBXFrameworksBuildPhase;
			buildActionMask = 2147483647;
			files = (
				5789666110F5032A3E132DE3 /* Pods_flix_flixUITests.framework in Frameworks */,
			);
			runOnlyForDeploymentPostprocessing = 0;
		};
/* End PBXFrameworksBuildPhase section */

/* Begin PBXGroup section */
		6457B1872612BD7300F142FA = {
			isa = PBXGroup;
			children = (
				6457B1922612BD7300F142FA /* flix */,
				6457B1A92612BD7600F142FA /* flixTests */,
				6457B1B42612BD7600F142FA /* flixUITests */,
				6457B1912612BD7300F142FA /* Products */,
				9AEE93299C6CB306DFFC447A /* Pods */,
				7190019568B6652F2F755BD8 /* Frameworks */,
			);
			sourceTree = "<group>";
		};
		6457B1912612BD7300F142FA /* Products */ = {
			isa = PBXGroup;
			children = (
				6457B1902612BD7300F142FA /* flix.app */,
				6457B1A62612BD7600F142FA /* flixTests.xctest */,
				6457B1B12612BD7600F142FA /* flixUITests.xctest */,
			);
			name = Products;
			sourceTree = "<group>";
		};
		6457B1922612BD7300F142FA /* flix */ = {
			isa = PBXGroup;
			children = (
				6457B1932612BD7300F142FA /* AppDelegate.swift */,
				6457B1952612BD7300F142FA /* SceneDelegate.swift */,
				6457B1972612BD7300F142FA /* ViewController.swift */,
				64468E89261ACF64008915C9 /* MovieCell.swift */,
				6457B1992612BD7300F142FA /* Main.storyboard */,
				6457B19C2612BD7500F142FA /* Assets.xcassets */,
				6457B19E2612BD7500F142FA /* LaunchScreen.storyboard */,
				6457B1A12612BD7500F142FA /* Info.plist */,
			);
			path = flix;
			sourceTree = "<group>";
		};
		6457B1A92612BD7600F142FA /* flixTests */ = {
			isa = PBXGroup;
			children = (
				6457B1AA2612BD7600F142FA /* flixTests.swift */,
				6457B1AC2612BD7600F142FA /* Info.plist */,
			);
			path = flixTests;
			sourceTree = "<group>";
		};
		6457B1B42612BD7600F142FA /* flixUITests */ = {
			isa = PBXGroup;
			children = (
				6457B1B52612BD7600F142FA /* flixUITests.swift */,
				6457B1B72612BD7600F142FA /* Info.plist */,
			);
			path = flixUITests;
			sourceTree = "<group>";
		};
		7190019568B6652F2F755BD8 /* Frameworks */ = {
			isa = PBXGroup;
			children = (
				C2E189C1DCD2AC67512BB58F /* Pods_flix.framework */,
				17CB582FCC3CDB17F6EB791A /* Pods_flix_flixUITests.framework */,
				521508CE235563781E3063F0 /* Pods_flixTests.framework */,
			);
			name = Frameworks;
			sourceTree = "<group>";
		};
		9AEE93299C6CB306DFFC447A /* Pods */ = {
			isa = PBXGroup;
			children = (
				4FC5163EAA2256D9CEFD870A /* Pods-flix.debug.xcconfig */,
				D1C92C4EA69D10EB9E5A5118 /* Pods-flix.release.xcconfig */,
				9D87216687742B52BDA1A781 /* Pods-flix-flixUITests.debug.xcconfig */,
				4652FA759B63BA699536D78E /* Pods-flix-flixUITests.release.xcconfig */,
				65D29FF6791D471853569D6E /* Pods-flixTests.debug.xcconfig */,
				4959B3E4F65C999ED19BA346 /* Pods-flixTests.release.xcconfig */,
			);
			name = Pods;
			path = Pods;
			sourceTree = "<group>";
		};
/* End PBXGroup section */

/* Begin PBXNativeTarget section */
		6457B18F2612BD7300F142FA /* flix */ = {
			isa = PBXNativeTarget;
			buildConfigurationList = 6457B1BA2612BD7600F142FA /* Build configuration list for PBXNativeTarget "flix" */;
			buildPhases = (
				4E66FB2A0B6D9F68EAD34D3D /* [CP] Check Pods Manifest.lock */,
				6457B18C2612BD7300F142FA /* Sources */,
				6457B18D2612BD7300F142FA /* Frameworks */,
				6457B18E2612BD7300F142FA /* Resources */,
				FA146B65238C464C47546DB8 /* [CP] Embed Pods Frameworks */,
			);
			buildRules = (
			);
			dependencies = (
			);
			name = flix;
			productName = flix;
			productReference = 6457B1902612BD7300F142FA /* flix.app */;
			productType = "com.apple.product-type.application";
		};
		6457B1A52612BD7600F142FA /* flixTests */ = {
			isa = PBXNativeTarget;
			buildConfigurationList = 6457B1BD2612BD7600F142FA /* Build configuration list for PBXNativeTarget "flixTests" */;
			buildPhases = (
				D471CDAD90DFF3BDAD0B0894 /* [CP] Check Pods Manifest.lock */,
				6457B1A22612BD7600F142FA /* Sources */,
				6457B1A32612BD7600F142FA /* Frameworks */,
				6457B1A42612BD7600F142FA /* Resources */,
			);
			buildRules = (
			);
			dependencies = (
				6457B1A82612BD7600F142FA /* PBXTargetDependency */,
			);
			name = flixTests;
			productName = flixTests;
			productReference = 6457B1A62612BD7600F142FA /* flixTests.xctest */;
			productType = "com.apple.product-type.bundle.unit-test";
		};
		6457B1B02612BD7600F142FA /* flixUITests */ = {
			isa = PBXNativeTarget;
			buildConfigurationList = 6457B1C02612BD7600F142FA /* Build configuration list for PBXNativeTarget "flixUITests" */;
			buildPhases = (
				EF82387FB10986911FF72C3A /* [CP] Check Pods Manifest.lock */,
				6457B1AD2612BD7600F142FA /* Sources */,
				6457B1AE2612BD7600F142FA /* Frameworks */,
				6457B1AF2612BD7600F142FA /* Resources */,
				B3091B51C533B12A871E2624 /* [CP] Embed Pods Frameworks */,
			);
			buildRules = (
			);
			dependencies = (
				6457B1B32612BD7600F142FA /* PBXTargetDependency */,
			);
			name = flixUITests;
			productName = flixUITests;
			productReference = 6457B1B12612BD7600F142FA /* flixUITests.xctest */;
			productType = "com.apple.product-type.bundle.ui-testing";
		};
/* End PBXNativeTarget section */

/* Begin PBXProject section */
		6457B1882612BD7300F142FA /* Project object */ = {
			isa = PBXProject;
			attributes = {
				LastSwiftUpdateCheck = 1240;
				LastUpgradeCheck = 1240;
				TargetAttributes = {
					6457B18F2612BD7300F142FA = {
						CreatedOnToolsVersion = 12.4;
					};
					6457B1A52612BD7600F142FA = {
						CreatedOnToolsVersion = 12.4;
						TestTargetID = 6457B18F2612BD7300F142FA;
					};
					6457B1B02612BD7600F142FA = {
						CreatedOnToolsVersion = 12.4;
						TestTargetID = 6457B18F2612BD7300F142FA;
					};
				};
			};
			buildConfigurationList = 6457B18B2612BD7300F142FA /* Build configuration list for PBXProject "flix" */;
			compatibilityVersion = "Xcode 9.3";
			developmentRegion = en;
			hasScannedForEncodings = 0;
			knownRegions = (
				en,
				Base,
			);
			mainGroup = 6457B1872612BD7300F142FA;
			productRefGroup = 6457B1912612BD7300F142FA /* Products */;
			projectDirPath = "";
			projectRoot = "";
			targets = (
				6457B18F2612BD7300F142FA /* flix */,
				6457B1A52612BD7600F142FA /* flixTests */,
				6457B1B02612BD7600F142FA /* flixUITests */,
			);
		};
/* End PBXProject section */

/* Begin PBXResourcesBuildPhase section */
		6457B18E2612BD7300F142FA /* Resources */ = {
			isa = PBXResourcesBuildPhase;
			buildActionMask = 2147483647;
			files = (
				6457B1A02612BD7500F142FA /* LaunchScreen.storyboard in Resources */,
				6457B19D2612BD7500F142FA /* Assets.xcassets in Resources */,
				6457B19B2612BD7300F142FA /* Main.storyboard in Resources */,
			);
			runOnlyForDeploymentPostprocessing = 0;
		};
		6457B1A42612BD7600F142FA /* Resources */ = {
			isa = PBXResourcesBuildPhase;
			buildActionMask = 2147483647;
			files = (
			);
			runOnlyForDeploymentPostprocessing = 0;
		};
		6457B1AF2612BD7600F142FA /* Resources */ = {
			isa = PBXResourcesBuildPhase;
			buildActionMask = 2147483647;
			files = (
			);
			runOnlyForDeploymentPostprocessing = 0;
		};
/* End PBXResourcesBuildPhase section */

/* Begin PBXShellScriptBuildPhase section */
		4E66FB2A0B6D9F68EAD34D3D /* [CP] Check Pods Manifest.lock */ = {
			isa = PBXShellScriptBuildPhase;
			buildActionMask = 2147483647;
			files = (
			);
			inputFileListPaths = (
			);
			inputPaths = (
				"${PODS_PODFILE_DIR_PATH}/Podfile.lock",
				"${PODS_ROOT}/Manifest.lock",
			);
			name = "[CP] Check Pods Manifest.lock";
			outputFileListPaths = (
			);
			outputPaths = (
				"$(DERIVED_FILE_DIR)/Pods-flix-checkManifestLockResult.txt",
			);
			runOnlyForDeploymentPostprocessing = 0;
			shellPath = /bin/sh;
			shellScript = "diff \"${PODS_PODFILE_DIR_PATH}/Podfile.lock\" \"${PODS_ROOT}/Manifest.lock\" > /dev/null\nif [ $? != 0 ] ; then\n    # print error to STDERR\n    echo \"error: The sandbox is not in sync with the Podfile.lock. Run 'pod install' or update your CocoaPods installation.\" >&2\n    exit 1\nfi\n# This output is used by Xcode 'outputs' to avoid re-running this script phase.\necho \"SUCCESS\" > \"${SCRIPT_OUTPUT_FILE_0}\"\n";
			showEnvVarsInLog = 0;
		};
		B3091B51C533B12A871E2624 /* [CP] Embed Pods Frameworks */ = {
			isa = PBXShellScriptBuildPhase;
			buildActionMask = 2147483647;
			files = (
			);
			inputFileListPaths = (
				"${PODS_ROOT}/Target Support Files/Pods-flix-flixUITests/Pods-flix-flixUITests-frameworks-${CONFIGURATION}-input-files.xcfilelist",
			);
			name = "[CP] Embed Pods Frameworks";
			outputFileListPaths = (
				"${PODS_ROOT}/Target Support Files/Pods-flix-flixUITests/Pods-flix-flixUITests-frameworks-${CONFIGURATION}-output-files.xcfilelist",
			);
			runOnlyForDeploymentPostprocessing = 0;
			shellPath = /bin/sh;
			shellScript = "\"${PODS_ROOT}/Target Support Files/Pods-flix-flixUITests/Pods-flix-flixUITests-frameworks.sh\"\n";
			showEnvVarsInLog = 0;
		};
		D471CDAD90DFF3BDAD0B0894 /* [CP] Check Pods Manifest.lock */ = {
			isa = PBXShellScriptBuildPhase;
			buildActionMask = 2147483647;
			files = (
			);
			inputFileListPaths = (
			);
			inputPaths = (
				"${PODS_PODFILE_DIR_PATH}/Podfile.lock",
				"${PODS_ROOT}/Manifest.lock",
			);
			name = "[CP] Check Pods Manifest.lock";
			outputFileListPaths = (
			);
			outputPaths = (
				"$(DERIVED_FILE_DIR)/Pods-flixTests-checkManifestLockResult.txt",
			);
			runOnlyForDeploymentPostprocessing = 0;
			shellPath = /bin/sh;
			shellScript = "diff \"${PODS_PODFILE_DIR_PATH}/Podfile.lock\" \"${PODS_ROOT}/Manifest.lock\" > /dev/null\nif [ $? != 0 ] ; then\n    # print error to STDERR\n    echo \"error: The sandbox is not in sync with the Podfile.lock. Run 'pod install' or update your CocoaPods installation.\" >&2\n    exit 1\nfi\n# This output is used by Xcode 'outputs' to avoid re-running this script phase.\necho \"SUCCESS\" > \"${SCRIPT_OUTPUT_FILE_0}\"\n";
			showEnvVarsInLog = 0;
		};
		EF82387FB10986911FF72C3A /* [CP] Check Pods Manifest.lock */ = {
			isa = PBXShellScriptBuildPhase;
			buildActionMask = 2147483647;
			files = (
			);
			inputFileListPaths = (
			);
			inputPaths = (
				"${PODS_PODFILE_DIR_PATH}/Podfile.lock",
				"${PODS_ROOT}/Manifest.lock",
			);
			name = "[CP] Check Pods Manifest.lock";
			outputFileListPaths = (
			);
			outputPaths = (
				"$(DERIVED_FILE_DIR)/Pods-flix-flixUITests-checkManifestLockResult.txt",
			);
			runOnlyForDeploymentPostprocessing = 0;
			shellPath = /bin/sh;
			shellScript = "diff \"${PODS_PODFILE_DIR_PATH}/Podfile.lock\" \"${PODS_ROOT}/Manifest.lock\" > /dev/null\nif [ $? != 0 ] ; then\n    # print error to STDERR\n    echo \"error: The sandbox is not in sync with the Podfile.lock. Run 'pod install' or update your CocoaPods installation.\" >&2\n    exit 1\nfi\n# This output is used by Xcode 'outputs' to avoid re-running this script phase.\necho \"SUCCESS\" > \"${SCRIPT_OUTPUT_FILE_0}\"\n";
			showEnvVarsInLog = 0;
		};
		FA146B65238C464C47546DB8 /* [CP] Embed Pods Frameworks */ = {
			isa = PBXShellScriptBuildPhase;
			buildActionMask = 2147483647;
			files = (
			);
			inputFileListPaths = (
				"${PODS_ROOT}/Target Support Files/Pods-flix/Pods-flix-frameworks-${CONFIGURATION}-input-files.xcfilelist",
			);
			name = "[CP] Embed Pods Frameworks";
			outputFileListPaths = (
				"${PODS_ROOT}/Target Support Files/Pods-flix/Pods-flix-frameworks-${CONFIGURATION}-output-files.xcfilelist",
			);
			runOnlyForDeploymentPostprocessing = 0;
			shellPath = /bin/sh;
			shellScript = "\"${PODS_ROOT}/Target Support Files/Pods-flix/Pods-flix-frameworks.sh\"\n";
			showEnvVarsInLog = 0;
		};
/* End PBXShellScriptBuildPhase section */

/* Begin PBXSourcesBuildPhase section */
		6457B18C2612BD7300F142FA /* Sources */ = {
			isa = PBXSourcesBuildPhase;
			buildActionMask = 2147483647;
			files = (
				6457B1982612BD7300F142FA /* ViewController.swift in Sources */,
				6457B1942612BD7300F142FA /* AppDelegate.swift in Sources */,
				64468E8A261ACF64008915C9 /* MovieCell.swift in Sources */,
				6457B1962612BD7300F142FA /* SceneDelegate.swift in Sources */,
			);
			runOnlyForDeploymentPostprocessing = 0;
		};
		6457B1A22612BD7600F142FA /* Sources */ = {
			isa = PBXSourcesBuildPhase;
			buildActionMask = 2147483647;
			files = (
				6457B1AB2612BD7600F142FA /* flixTests.swift in Sources */,
			);
			runOnlyForDeploymentPostprocessing = 0;
		};
		6457B1AD2612BD7600F142FA /* Sources */ = {
			isa = PBXSourcesBuildPhase;
			buildActionMask = 2147483647;
			files = (
				6457B1B62612BD7600F142FA /* flixUITests.swift in Sources */,
			);
			runOnlyForDeploymentPostprocessing = 0;
		};
/* End PBXSourcesBuildPhase section */

/* Begin PBXTargetDependency section */
		6457B1A82612BD7600F142FA /* PBXTargetDependency */ = {
			isa = PBXTargetDependency;
			target = 6457B18F2612BD7300F142FA /* flix */;
			targetProxy = 6457B1A72612BD7600F142FA /* PBXContainerItemProxy */;
		};
		6457B1B32612BD7600F142FA /* PBXTargetDependency */ = {
			isa = PBXTargetDependency;
			target = 6457B18F2612BD7300F142FA /* flix */;
			targetProxy = 6457B1B22612BD7600F142FA /* PBXContainerItemProxy */;
		};
/* End PBXTargetDependency section */

/* Begin PBXVariantGroup section */
		6457B1992612BD7300F142FA /* Main.storyboard */ = {
			isa = PBXVariantGroup;
			children = (
				6457B19A2612BD7300F142FA /* Base */,
			);
			name = Main.storyboard;
			sourceTree = "<group>";
		};
		6457B19E2612BD7500F142FA /* LaunchScreen.storyboard */ = {
			isa = PBXVariantGroup;
			children = (
				6457B19F2612BD7500F142FA /* Base */,
			);
			name = LaunchScreen.storyboard;
			sourceTree = "<group>";
		};
/* End PBXVariantGroup section */

/* Begin XCBuildConfiguration section */
		6457B1B82612BD7600F142FA /* Debug */ = {
			isa = XCBuildConfiguration;
			buildSettings = {
				ALWAYS_SEARCH_USER_PATHS = NO;
				CLANG_ANALYZER_NONNULL = YES;
				CLANG_ANALYZER_NUMBER_OBJECT_CONVERSION = YES_AGGRESSIVE;
				CLANG_CXX_LANGUAGE_STANDARD = "gnu++14";
				CLANG_CXX_LIBRARY = "libc++";
				CLANG_ENABLE_MODULES = YES;
				CLANG_ENABLE_OBJC_ARC = YES;
				CLANG_ENABLE_OBJC_WEAK = YES;
				CLANG_WARN_BLOCK_CAPTURE_AUTORELEASING = YES;
				CLANG_WARN_BOOL_CONVERSION = YES;
				CLANG_WARN_COMMA = YES;
				CLANG_WARN_CONSTANT_CONVERSION = YES;
				CLANG_WARN_DEPRECATED_OBJC_IMPLEMENTATIONS = YES;
				CLANG_WARN_DIRECT_OBJC_ISA_USAGE = YES_ERROR;
				CLANG_WARN_DOCUMENTATION_COMMENTS = YES;
				CLANG_WARN_EMPTY_BODY = YES;
				CLANG_WARN_ENUM_CONVERSION = YES;
				CLANG_WARN_INFINITE_RECURSION = YES;
				CLANG_WARN_INT_CONVERSION = YES;
				CLANG_WARN_NON_LITERAL_NULL_CONVERSION = YES;
				CLANG_WARN_OBJC_IMPLICIT_RETAIN_SELF = YES;
				CLANG_WARN_OBJC_LITERAL_CONVERSION = YES;
				CLANG_WARN_OBJC_ROOT_CLASS = YES_ERROR;
				CLANG_WARN_QUOTED_INCLUDE_IN_FRAMEWORK_HEADER = YES;
				CLANG_WARN_RANGE_LOOP_ANALYSIS = YES;
				CLANG_WARN_STRICT_PROTOTYPES = YES;
				CLANG_WARN_SUSPICIOUS_MOVE = YES;
				CLANG_WARN_UNGUARDED_AVAILABILITY = YES_AGGRESSIVE;
				CLANG_WARN_UNREACHABLE_CODE = YES;
				CLANG_WARN__DUPLICATE_METHOD_MATCH = YES;
				COPY_PHASE_STRIP = NO;
				DEBUG_INFORMATION_FORMAT = dwarf;
				ENABLE_STRICT_OBJC_MSGSEND = YES;
				ENABLE_TESTABILITY = YES;
				GCC_C_LANGUAGE_STANDARD = gnu11;
				GCC_DYNAMIC_NO_PIC = NO;
				GCC_NO_COMMON_BLOCKS = YES;
				GCC_OPTIMIZATION_LEVEL = 0;
				GCC_PREPROCESSOR_DEFINITIONS = (
					"DEBUG=1",
					"$(inherited)",
				);
				GCC_WARN_64_TO_32_BIT_CONVERSION = YES;
				GCC_WARN_ABOUT_RETURN_TYPE = YES_ERROR;
				GCC_WARN_UNDECLARED_SELECTOR = YES;
				GCC_WARN_UNINITIALIZED_AUTOS = YES_AGGRESSIVE;
				GCC_WARN_UNUSED_FUNCTION = YES;
				GCC_WARN_UNUSED_VARIABLE = YES;
				IPHONEOS_DEPLOYMENT_TARGET = 14.4;
				MTL_ENABLE_DEBUG_INFO = INCLUDE_SOURCE;
				MTL_FAST_MATH = YES;
				ONLY_ACTIVE_ARCH = YES;
				SDKROOT = iphoneos;
				SWIFT_ACTIVE_COMPILATION_CONDITIONS = DEBUG;
				SWIFT_OPTIMIZATION_LEVEL = "-Onone";
			};
			name = Debug;
		};
		6457B1B92612BD7600F142FA /* Release */ = {
			isa = XCBuildConfiguration;
			buildSettings = {
				ALWAYS_SEARCH_USER_PATHS = NO;
				CLANG_ANALYZER_NONNULL = YES;
				CLANG_ANALYZER_NUMBER_OBJECT_CONVERSION = YES_AGGRESSIVE;
				CLANG_CXX_LANGUAGE_STANDARD = "gnu++14";
				CLANG_CXX_LIBRARY = "libc++";
				CLANG_ENABLE_MODULES = YES;
				CLANG_ENABLE_OBJC_ARC = YES;
				CLANG_ENABLE_OBJC_WEAK = YES;
				CLANG_WARN_BLOCK_CAPTURE_AUTORELEASING = YES;
				CLANG_WARN_BOOL_CONVERSION = YES;
				CLANG_WARN_COMMA = YES;
				CLANG_WARN_CONSTANT_CONVERSION = YES;
				CLANG_WARN_DEPRECATED_OBJC_IMPLEMENTATIONS = YES;
				CLANG_WARN_DIRECT_OBJC_ISA_USAGE = YES_ERROR;
				CLANG_WARN_DOCUMENTATION_COMMENTS = YES;
				CLANG_WARN_EMPTY_BODY = YES;
				CLANG_WARN_ENUM_CONVERSION = YES;
				CLANG_WARN_INFINITE_RECURSION = YES;
				CLANG_WARN_INT_CONVERSION = YES;
				CLANG_WARN_NON_LITERAL_NULL_CONVERSION = YES;
				CLANG_WARN_OBJC_IMPLICIT_RETAIN_SELF = YES;
				CLANG_WARN_OBJC_LITERAL_CONVERSION = YES;
				CLANG_WARN_OBJC_ROOT_CLASS = YES_ERROR;
				CLANG_WARN_QUOTED_INCLUDE_IN_FRAMEWORK_HEADER = YES;
				CLANG_WARN_RANGE_LOOP_ANALYSIS = YES;
				CLANG_WARN_STRICT_PROTOTYPES = YES;
				CLANG_WARN_SUSPICIOUS_MOVE = YES;
				CLANG_WARN_UNGUARDED_AVAILABILITY = YES_AGGRESSIVE;
				CLANG_WARN_UNREACHABLE_CODE = YES;
				CLANG_WARN__DUPLICATE_METHOD_MATCH = YES;
				COPY_PHASE_STRIP = NO;
				DEBUG_INFORMATION_FORMAT = "dwarf-with-dsym";
				ENABLE_NS_ASSERTIONS = NO;
				ENABLE_STRICT_OBJC_MSGSEND = YES;
				GCC_C_LANGUAGE_STANDARD = gnu11;
				GCC_NO_COMMON_BLOCKS = YES;
				GCC_WARN_64_TO_32_BIT_CONVERSION = YES;
				GCC_WARN_ABOUT_RETURN_TYPE = YES_ERROR;
				GCC_WARN_UNDECLARED_SELECTOR = YES;
				GCC_WARN_UNINITIALIZED_AUTOS = YES_AGGRESSIVE;
				GCC_WARN_UNUSED_FUNCTION = YES;
				GCC_WARN_UNUSED_VARIABLE = YES;
				IPHONEOS_DEPLOYMENT_TARGET = 14.4;
				MTL_ENABLE_DEBUG_INFO = NO;
				MTL_FAST_MATH = YES;
				SDKROOT = iphoneos;
				SWIFT_COMPILATION_MODE = wholemodule;
				SWIFT_OPTIMIZATION_LEVEL = "-O";
				VALIDATE_PRODUCT = YES;
			};
			name = Release;
		};
		6457B1BB2612BD7600F142FA /* Debug */ = {
			isa = XCBuildConfiguration;
			baseConfigurationReference = 4FC5163EAA2256D9CEFD870A /* Pods-flix.debug.xcconfig */;
			buildSettings = {
				ASSETCATALOG_COMPILER_APPICON_NAME = AppIcon;
				ASSETCATALOG_COMPILER_GLOBAL_ACCENT_COLOR_NAME = AccentColor;
				CODE_SIGN_STYLE = Automatic;
				INFOPLIST_FILE = flix/Info.plist;
				LD_RUNPATH_SEARCH_PATHS = (
					"$(inherited)",
					"@executable_path/Frameworks",
				);
				PRODUCT_BUNDLE_IDENTIFIER = "tiffany-meng.flix";
				PRODUCT_NAME = "$(TARGET_NAME)";
				SWIFT_VERSION = 5.0;
				TARGETED_DEVICE_FAMILY = "1,2";
			};
			name = Debug;
		};
		6457B1BC2612BD7600F142FA /* Release */ = {
			isa = XCBuildConfiguration;
			baseConfigurationReference = D1C92C4EA69D10EB9E5A5118 /* Pods-flix.release.xcconfig */;
			buildSettings = {
				ASSETCATALOG_COMPILER_APPICON_NAME = AppIcon;
				ASSETCATALOG_COMPILER_GLOBAL_ACCENT_COLOR_NAME = AccentColor;
				CODE_SIGN_STYLE = Automatic;
				INFOPLIST_FILE = flix/Info.plist;
				LD_RUNPATH_SEARCH_PATHS = (
					"$(inherited)",
					"@executable_path/Frameworks",
				);
				PRODUCT_BUNDLE_IDENTIFIER = "tiffany-meng.flix";
				PRODUCT_NAME = "$(TARGET_NAME)";
				SWIFT_VERSION = 5.0;
				TARGETED_DEVICE_FAMILY = "1,2";
			};
			name = Release;
		};
		6457B1BE2612BD7600F142FA /* Debug */ = {
			isa = XCBuildConfiguration;
			baseConfigurationReference = 65D29FF6791D471853569D6E /* Pods-flixTests.debug.xcconfig */;
			buildSettings = {
				ALWAYS_EMBED_SWIFT_STANDARD_LIBRARIES = YES;
				BUNDLE_LOADER = "$(TEST_HOST)";
				CODE_SIGN_STYLE = Automatic;
				INFOPLIST_FILE = flixTests/Info.plist;
				IPHONEOS_DEPLOYMENT_TARGET = 14.4;
				LD_RUNPATH_SEARCH_PATHS = (
					"$(inherited)",
					"@executable_path/Frameworks",
					"@loader_path/Frameworks",
				);
				PRODUCT_BUNDLE_IDENTIFIER = "tiffany-meng.flixTests";
				PRODUCT_NAME = "$(TARGET_NAME)";
				SWIFT_VERSION = 5.0;
				TARGETED_DEVICE_FAMILY = "1,2";
				TEST_HOST = "$(BUILT_PRODUCTS_DIR)/flix.app/flix";
			};
			name = Debug;
		};
		6457B1BF2612BD7600F142FA /* Release */ = {
			isa = XCBuildConfiguration;
			baseConfigurationReference = 4959B3E4F65C999ED19BA346 /* Pods-flixTests.release.xcconfig */;
			buildSettings = {
				ALWAYS_EMBED_SWIFT_STANDARD_LIBRARIES = YES;
				BUNDLE_LOADER = "$(TEST_HOST)";
				CODE_SIGN_STYLE = Automatic;
				INFOPLIST_FILE = flixTests/Info.plist;
				IPHONEOS_DEPLOYMENT_TARGET = 14.4;
				LD_RUNPATH_SEARCH_PATHS = (
					"$(inherited)",
					"@executable_path/Frameworks",
					"@loader_path/Frameworks",
				);
				PRODUCT_BUNDLE_IDENTIFIER = "tiffany-meng.flixTests";
				PRODUCT_NAME = "$(TARGET_NAME)";
				SWIFT_VERSION = 5.0;
				TARGETED_DEVICE_FAMILY = "1,2";
				TEST_HOST = "$(BUILT_PRODUCTS_DIR)/flix.app/flix";
			};
			name = Release;
		};
		6457B1C12612BD7600F142FA /* Debug */ = {
			isa = XCBuildConfiguration;
			baseConfigurationReference = 9D87216687742B52BDA1A781 /* Pods-flix-flixUITests.debug.xcconfig */;
			buildSettings = {
				ALWAYS_EMBED_SWIFT_STANDARD_LIBRARIES = YES;
				CODE_SIGN_STYLE = Automatic;
				INFOPLIST_FILE = flixUITests/Info.plist;
				LD_RUNPATH_SEARCH_PATHS = (
					"$(inherited)",
					"@executable_path/Frameworks",
					"@loader_path/Frameworks",
				);
				PRODUCT_BUNDLE_IDENTIFIER = "tiffany-meng.flixUITests";
				PRODUCT_NAME = "$(TARGET_NAME)";
				SWIFT_VERSION = 5.0;
				TARGETED_DEVICE_FAMILY = "1,2";
				TEST_TARGET_NAME = flix;
			};
			name = Debug;
		};
		6457B1C22612BD7600F142FA /* Release */ = {
			isa = XCBuildConfiguration;
			baseConfigurationReference = 4652FA759B63BA699536D78E /* Pods-flix-flixUITests.release.xcconfig */;
			buildSettings = {
				ALWAYS_EMBED_SWIFT_STANDARD_LIBRARIES = YES;
				CODE_SIGN_STYLE = Automatic;
				INFOPLIST_FILE = flixUITests/Info.plist;
				LD_RUNPATH_SEARCH_PATHS = (
					"$(inherited)",
					"@executable_path/Frameworks",
					"@loader_path/Frameworks",
				);
				PRODUCT_BUNDLE_IDENTIFIER = "tiffany-meng.flixUITests";
				PRODUCT_NAME = "$(TARGET_NAME)";
				SWIFT_VERSION = 5.0;
				TARGETED_DEVICE_FAMILY = "1,2";
				TEST_TARGET_NAME = flix;
			};
			name = Release;
		};
/* End XCBuildConfiguration section */

/* Begin XCConfigurationList section */
		6457B18B2612BD7300F142FA /* Build configuration list for PBXProject "flix" */ = {
			isa = XCConfigurationList;
			buildConfigurations = (
				6457B1B82612BD7600F142FA /* Debug */,
				6457B1B92612BD7600F142FA /* Release */,
			);
			defaultConfigurationIsVisible = 0;
			defaultConfigurationName = Release;
		};
		6457B1BA2612BD7600F142FA /* Build configuration list for PBXNativeTarget "flix" */ = {
			isa = XCConfigurationList;
			buildConfigurations = (
				6457B1BB2612BD7600F142FA /* Debug */,
				6457B1BC2612BD7600F142FA /* Release */,
			);
			defaultConfigurationIsVisible = 0;
			defaultConfigurationName = Release;
		};
		6457B1BD2612BD7600F142FA /* Build configuration list for PBXNativeTarget "flixTests" */ = {
			isa = XCConfigurationList;
			buildConfigurations = (
				6457B1BE2612BD7600F142FA /* Debug */,
				6457B1BF2612BD7600F142FA /* Release */,
			);
			defaultConfigurationIsVisible = 0;
			defaultConfigurationName = Release;
		};
		6457B1C02612BD7600F142FA /* Build configuration list for PBXNativeTarget "flixUITests" */ = {
			isa = XCConfigurationList;
			buildConfigurations = (
				6457B1C12612BD7600F142FA /* Debug */,
				6457B1C22612BD7600F142FA /* Release */,
			);
			defaultConfigurationIsVisible = 0;
			defaultConfigurationName = Release;
		};
/* End XCConfigurationList section */
	};
	rootObject = 6457B1882612BD7300F142FA /* Project object */;
}
